
Microsoft Visual Studio Solution File, Format Version 12.00
# Visual Studio Version 16
VisualStudioVersion = 16.0.30907.101
MinimumVisualStudioVersion = 10.0.40219.1
Project("{FAE04EC0-301F-11D3-BF4B-00C04F79EFBC}") = "workvector", "workvector\workvector.csproj", "{6AC6EE19-6693-4B67-8D36-50C46ABA3EA4}"
EndProject
Project("{FAE04EC0-301F-11D3-BF4B-00C04F79EFBC}") = "WorkVectorTests", "WorkVectorTests\WorkVectorTests.csproj", "{05DFE985-7D3D-45A6-AE2C-7B06420A4D70}"
EndProject
Global
	GlobalSection(SolutionConfigurationPlatforms) = preSolution
		Debug|Any CPU = Debug|Any CPU
		Release|Any CPU = Release|Any CPU
	EndGlobalSection
	GlobalSection(ProjectConfigurationPlatforms) = postSolution
		{6AC6EE19-6693-4B67-8D36-50C46ABA3EA4}.Debug|Any CPU.ActiveCfg = Debug|Any CPU
		{6AC6EE19-6693-4B67-8D36-50C46ABA3EA4}.Debug|Any CPU.Build.0 = Debug|Any CPU
		{6AC6EE19-6693-4B67-8D36-50C46ABA3EA4}.Release|Any CPU.ActiveCfg = Release|Any CPU
		{6AC6EE19-6693-4B67-8D36-50C46ABA3EA4}.Release|Any CPU.Build.0 = Release|Any CPU
		{05DFE985-7D3D-45A6-AE2C-7B06420A4D70}.Debug|Any CPU.ActiveCfg = Debug|Any CPU
		{05DFE985-7D3D-45A6-AE2C-7B06420A4D70}.Debug|Any CPU.Build.0 = Debug|Any CPU
		{05DFE985-7D3D-45A6-AE2C-7B06420A4D70}.Release|Any CPU.ActiveCfg = Release|Any CPU
		{05DFE985-7D3D-45A6-AE2C-7B06420A4D70}.Release|Any CPU.Build.0 = Release|Any CPU
	EndGlobalSection
	GlobalSection(SolutionProperties) = preSolution
		HideSolutionNode = FALSE
	EndGlobalSection
	GlobalSection(ExtensibilityGlobals) = postSolution
		SolutionGuid = {C05BE8BD-9795-4F69-B5C9-3646A23D6CC4}
	EndGlobalSection
EndGlobal
