
Microsoft Visual Studio Solution File, Format Version 12.00
# Visual Studio Version 16
VisualStudioVersion = 16.0.32106.194
MinimumVisualStudioVersion = 10.0.40219.1
Project("{FAE04EC0-301F-11D3-BF4B-00C04F79EFBC}") = "rle", "rle.csproj", "{3B578126-747F-41D3-8BE2-E6724D514C43}"
EndProject
Global
	GlobalSection(SolutionConfigurationPlatforms) = preSolution
		Debug|Any CPU = Debug|Any CPU
		Release|Any CPU = Release|Any CPU
	EndGlobalSection
	GlobalSection(ProjectConfigurationPlatforms) = postSolution
		{3B578126-747F-41D3-8BE2-E6724D514C43}.Debug|Any CPU.ActiveCfg = Debug|Any CPU
		{3B578126-747F-41D3-8BE2-E6724D514C43}.Debug|Any CPU.Build.0 = Debug|Any CPU
		{3B578126-747F-41D3-8BE2-E6724D514C43}.Release|Any CPU.ActiveCfg = Release|Any CPU
		{3B578126-747F-41D3-8BE2-E6724D514C43}.Release|Any CPU.Build.0 = Release|Any CPU
	EndGlobalSection
	GlobalSection(SolutionProperties) = preSolution
		HideSolutionNode = FALSE
	EndGlobalSection
	GlobalSection(ExtensibilityGlobals) = postSolution
		SolutionGuid = {436A5EC4-6497-4AD9-B332-7FEA100380DC}
	EndGlobalSection
EndGlobal
