
Microsoft Visual Studio Solution File, Format Version 12.00
# Visual Studio Version 17
VisualStudioVersion = 17.1.32228.430
MinimumVisualStudioVersion = 10.0.40219.1
Project("{9A19103F-16F7-4668-BE54-9A1E7A4F7556}") = "ThreeDimensionalBody", "ThreeDimensionalBody\ThreeDimensionalBody.csproj", "{C0C27B32-C3F7-4553-99DB-E6C740D02B18}"
EndProject
Project("{FAE04EC0-301F-11D3-BF4B-00C04F79EFBC}") = "BodyTests", "BodyTests\BodyTests.csproj", "{42B9C3BC-600B-436E-87C0-BC168C6D08AA}"
EndProject
Global
	GlobalSection(SolutionConfigurationPlatforms) = preSolution
		Debug|Any CPU = Debug|Any CPU
		Release|Any CPU = Release|Any CPU
	EndGlobalSection
	GlobalSection(ProjectConfigurationPlatforms) = postSolution
		{C0C27B32-C3F7-4553-99DB-E6C740D02B18}.Debug|Any CPU.ActiveCfg = Debug|Any CPU
		{C0C27B32-C3F7-4553-99DB-E6C740D02B18}.Debug|Any CPU.Build.0 = Debug|Any CPU
		{C0C27B32-C3F7-4553-99DB-E6C740D02B18}.Release|Any CPU.ActiveCfg = Release|Any CPU
		{C0C27B32-C3F7-4553-99DB-E6C740D02B18}.Release|Any CPU.Build.0 = Release|Any CPU
		{42B9C3BC-600B-436E-87C0-BC168C6D08AA}.Debug|Any CPU.ActiveCfg = Debug|Any CPU
		{42B9C3BC-600B-436E-87C0-BC168C6D08AA}.Debug|Any CPU.Build.0 = Debug|Any CPU
		{42B9C3BC-600B-436E-87C0-BC168C6D08AA}.Release|Any CPU.ActiveCfg = Release|Any CPU
		{42B9C3BC-600B-436E-87C0-BC168C6D08AA}.Release|Any CPU.Build.0 = Release|Any CPU
	EndGlobalSection
	GlobalSection(SolutionProperties) = preSolution
		HideSolutionNode = FALSE
	EndGlobalSection
	GlobalSection(ExtensibilityGlobals) = postSolution
		SolutionGuid = {1EADE30E-F6DF-4758-845C-8D7FC7B71905}
	EndGlobalSection
EndGlobal
