
Microsoft Visual Studio Solution File, Format Version 12.00
# Visual Studio Version 17
VisualStudioVersion = 17.1.32228.430
MinimumVisualStudioVersion = 10.0.40219.1
Project("{9A19103F-16F7-4668-BE54-9A1E7A4F7556}") = "MyRational", "MyRational\MyRational.csproj", "{1D04F2BB-3C64-480A-99E3-B4000B696B04}"
EndProject
Project("{FAE04EC0-301F-11D3-BF4B-00C04F79EFBC}") = "RationalTests", "RationalTests\RationalTests.csproj", "{5C38E726-8212-4405-A4A5-E1039FF44193}"
EndProject
Global
	GlobalSection(SolutionConfigurationPlatforms) = preSolution
		Debug|Any CPU = Debug|Any CPU
		Release|Any CPU = Release|Any CPU
	EndGlobalSection
	GlobalSection(ProjectConfigurationPlatforms) = postSolution
		{1D04F2BB-3C64-480A-99E3-B4000B696B04}.Debug|Any CPU.ActiveCfg = Debug|Any CPU
		{1D04F2BB-3C64-480A-99E3-B4000B696B04}.Debug|Any CPU.Build.0 = Debug|Any CPU
		{1D04F2BB-3C64-480A-99E3-B4000B696B04}.Release|Any CPU.ActiveCfg = Release|Any CPU
		{1D04F2BB-3C64-480A-99E3-B4000B696B04}.Release|Any CPU.Build.0 = Release|Any CPU
		{5C38E726-8212-4405-A4A5-E1039FF44193}.Debug|Any CPU.ActiveCfg = Debug|Any CPU
		{5C38E726-8212-4405-A4A5-E1039FF44193}.Debug|Any CPU.Build.0 = Debug|Any CPU
		{5C38E726-8212-4405-A4A5-E1039FF44193}.Release|Any CPU.ActiveCfg = Release|Any CPU
		{5C38E726-8212-4405-A4A5-E1039FF44193}.Release|Any CPU.Build.0 = Release|Any CPU
	EndGlobalSection
	GlobalSection(SolutionProperties) = preSolution
		HideSolutionNode = FALSE
	EndGlobalSection
	GlobalSection(ExtensibilityGlobals) = postSolution
		SolutionGuid = {5B77686C-07A9-4D5C-991F-D11368FF68F6}
	EndGlobalSection
EndGlobal
