
Microsoft Visual Studio Solution File, Format Version 12.00
# Visual Studio Version 17
VisualStudioVersion = 17.1.32228.430
MinimumVisualStudioVersion = 10.0.40219.1
Project("{9A19103F-16F7-4668-BE54-9A1E7A4F7556}") = "MyHttpUrl", "MyHttpUrl\MyHttpUrl.csproj", "{61CF5D8E-A75D-4210-8746-D42982E9ECF9}"
EndProject
Project("{FAE04EC0-301F-11D3-BF4B-00C04F79EFBC}") = "MyHttpUrlTests", "MyHttpUrlTests\MyHttpUrlTests.csproj", "{2BC63110-167D-4FF6-9C70-1BAE53F96392}"
EndProject
Global
	GlobalSection(SolutionConfigurationPlatforms) = preSolution
		Debug|Any CPU = Debug|Any CPU
		Release|Any CPU = Release|Any CPU
	EndGlobalSection
	GlobalSection(ProjectConfigurationPlatforms) = postSolution
		{61CF5D8E-A75D-4210-8746-D42982E9ECF9}.Debug|Any CPU.ActiveCfg = Debug|Any CPU
		{61CF5D8E-A75D-4210-8746-D42982E9ECF9}.Debug|Any CPU.Build.0 = Debug|Any CPU
		{61CF5D8E-A75D-4210-8746-D42982E9ECF9}.Release|Any CPU.ActiveCfg = Release|Any CPU
		{61CF5D8E-A75D-4210-8746-D42982E9ECF9}.Release|Any CPU.Build.0 = Release|Any CPU
		{2BC63110-167D-4FF6-9C70-1BAE53F96392}.Debug|Any CPU.ActiveCfg = Debug|Any CPU
		{2BC63110-167D-4FF6-9C70-1BAE53F96392}.Debug|Any CPU.Build.0 = Debug|Any CPU
		{2BC63110-167D-4FF6-9C70-1BAE53F96392}.Release|Any CPU.ActiveCfg = Release|Any CPU
		{2BC63110-167D-4FF6-9C70-1BAE53F96392}.Release|Any CPU.Build.0 = Release|Any CPU
	EndGlobalSection
	GlobalSection(SolutionProperties) = preSolution
		HideSolutionNode = FALSE
	EndGlobalSection
	GlobalSection(ExtensibilityGlobals) = postSolution
		SolutionGuid = {FB53CD69-7721-41A1-BA85-17A8BB1B3D25}
	EndGlobalSection
EndGlobal
